Microsoft Visual Studio Solution File, Format Version 12.00
# Visual Studio 2012
Project("{FAE04EC0-301F-11D3-BF4B-00C04F79EFBC}") = "03-Signals", "03-Signals.csproj", "{8B93E8F4-9B1F-4159-92BD-46880D371096}"
EndProject
Global
	GlobalSection(SolutionConfigurationPlatforms) = preSolution
	Debug|Any CPU = Debug|Any CPU
	ExportDebug|Any CPU = ExportDebug|Any CPU
	ExportRelease|Any CPU = ExportRelease|Any CPU
	EndGlobalSection
	GlobalSection(ProjectConfigurationPlatforms) = postSolution
		{8B93E8F4-9B1F-4159-92BD-46880D371096}.Debug|Any CPU.ActiveCfg = Debug|Any CPU
		{8B93E8F4-9B1F-4159-92BD-46880D371096}.Debug|Any CPU.Build.0 = Debug|Any CPU
		{8B93E8F4-9B1F-4159-92BD-46880D371096}.ExportDebug|Any CPU.ActiveCfg = ExportDebug|Any CPU
		{8B93E8F4-9B1F-4159-92BD-46880D371096}.ExportDebug|Any CPU.Build.0 = ExportDebug|Any CPU
		{8B93E8F4-9B1F-4159-92BD-46880D371096}.ExportRelease|Any CPU.ActiveCfg = ExportRelease|Any CPU
		{8B93E8F4-9B1F-4159-92BD-46880D371096}.ExportRelease|Any CPU.Build.0 = ExportRelease|Any CPU
	EndGlobalSection
EndGlobal
