Microsoft Visual Studio Solution File, Format Version 12.00
# Visual Studio 2012
Project("{FAE04EC0-301F-11D3-BF4B-00C04F79EFBC}") = "02-scenes", "02-scenes.csproj", "{A6693F3D-E5A8-40B4-B4D7-C26FFF1F541C}"
EndProject
Global
	GlobalSection(SolutionConfigurationPlatforms) = preSolution
	Debug|Any CPU = Debug|Any CPU
	ExportDebug|Any CPU = ExportDebug|Any CPU
	ExportRelease|Any CPU = ExportRelease|Any CPU
	EndGlobalSection
	GlobalSection(ProjectConfigurationPlatforms) = postSolution
		{A6693F3D-E5A8-40B4-B4D7-C26FFF1F541C}.Debug|Any CPU.ActiveCfg = Debug|Any CPU
		{A6693F3D-E5A8-40B4-B4D7-C26FFF1F541C}.Debug|Any CPU.Build.0 = Debug|Any CPU
		{A6693F3D-E5A8-40B4-B4D7-C26FFF1F541C}.ExportDebug|Any CPU.ActiveCfg = ExportDebug|Any CPU
		{A6693F3D-E5A8-40B4-B4D7-C26FFF1F541C}.ExportDebug|Any CPU.Build.0 = ExportDebug|Any CPU
		{A6693F3D-E5A8-40B4-B4D7-C26FFF1F541C}.ExportRelease|Any CPU.ActiveCfg = ExportRelease|Any CPU
		{A6693F3D-E5A8-40B4-B4D7-C26FFF1F541C}.ExportRelease|Any CPU.Build.0 = ExportRelease|Any CPU
	EndGlobalSection
EndGlobal
